
Microsoft Visual Studio Solution File, Format Version 12.00
# Visual Studio Version 17
VisualStudioVersion = 17.9.34607.119
MinimumVisualStudioVersion = 10.0.40219.1
Project("{FAE04EC0-301F-11D3-BF4B-00C04F79EFBC}") = "C#_Practice_modul_10_part_01_ua", "C#_Practice_modul_10_part_01_ua\C#_Practice_modul_10_part_01_ua.csproj", "{AB43B5A9-0F08-4F74-8653-65D54C72BE54}"
EndProject
Global
	GlobalSection(SolutionConfigurationPlatforms) = preSolution
		Debug|Any CPU = Debug|Any CPU
		Release|Any CPU = Release|Any CPU
	EndGlobalSection
	GlobalSection(ProjectConfigurationPlatforms) = postSolution
		{AB43B5A9-0F08-4F74-8653-65D54C72BE54}.Debug|Any CPU.ActiveCfg = Debug|Any CPU
		{AB43B5A9-0F08-4F74-8653-65D54C72BE54}.Debug|Any CPU.Build.0 = Debug|Any CPU
		{AB43B5A9-0F08-4F74-8653-65D54C72BE54}.Release|Any CPU.ActiveCfg = Release|Any CPU
		{AB43B5A9-0F08-4F74-8653-65D54C72BE54}.Release|Any CPU.Build.0 = Release|Any CPU
	EndGlobalSection
	GlobalSection(SolutionProperties) = preSolution
		HideSolutionNode = FALSE
	EndGlobalSection
	GlobalSection(ExtensibilityGlobals) = postSolution
		SolutionGuid = {8E7DB606-81F6-4C01-8868-DEBF75B41904}
	EndGlobalSection
EndGlobal
